
Microsoft Visual Studio Solution File, Format Version 12.00
# Visual Studio Version 17
VisualStudioVersion = 17.10.35122.118
MinimumVisualStudioVersion = 10.0.40219.1
Project("{FAE04EC0-301F-11D3-BF4B-00C04F79EFBC}") = "CA_BilgeMarket", "CA_BilgeMarket\CA_BilgeMarket.csproj", "{ACEEE354-E2CE-43F4-9820-5D41597E32D1}"
EndProject
Global
	GlobalSection(SolutionConfigurationPlatforms) = preSolution
		Debug|Any CPU = Debug|Any CPU
		Release|Any CPU = Release|Any CPU
	EndGlobalSection
	GlobalSection(ProjectConfigurationPlatforms) = postSolution
		{ACEEE354-E2CE-43F4-9820-5D41597E32D1}.Debug|Any CPU.ActiveCfg = Debug|Any CPU
		{ACEEE354-E2CE-43F4-9820-5D41597E32D1}.Debug|Any CPU.Build.0 = Debug|Any CPU
		{ACEEE354-E2CE-43F4-9820-5D41597E32D1}.Release|Any CPU.ActiveCfg = Release|Any CPU
		{ACEEE354-E2CE-43F4-9820-5D41597E32D1}.Release|Any CPU.Build.0 = Release|Any CPU
	EndGlobalSection
	GlobalSection(SolutionProperties) = preSolution
		HideSolutionNode = FALSE
	EndGlobalSection
	GlobalSection(ExtensibilityGlobals) = postSolution
		SolutionGuid = {5684771A-7AD4-4FB9-A479-3DC753473F6D}
	EndGlobalSection
EndGlobal
